# @generated - this file is auto-generated by `mise lock` https://mise.jdx.dev/dev-tools/mise-lock.html

lockfile_version = 2

[conda-packages.linux-x64."_openmp_mutex-4.5-20_gnu"]
url = "https://conda.anaconda.org/conda-forge/linux-64/_openmp_mutex-4.5-20_gnu.conda"
checksum = "sha256:1dd3fffd892081df9726d7eb7e0dea6198962ba775bd88842135a4ddb4deb3c9"

[conda-packages.linux-x64."binutils-2.46.1-default_h4852527_102"]
url = "https://conda.anaconda.org/conda-forge/linux-64/binutils-2.46.1-default_h4852527_102.conda"
checksum = "sha256:659c367ef49df7741749a2ad240b007d7df51b4f210505a78543deafb001e44c"

[conda-packages.linux-x64."binutils_impl_linux-64-2.46.1-default_hfdba357_102"]
url = "https://conda.anaconda.org/conda-forge/linux-64/binutils_impl_linux-64-2.46.1-default_hfdba357_102.conda"
checksum = "sha256:fb7bf36984a37ce7e4714d1d1da0bd0e3bfc679520f5cdc184afc676fd4b5da2"

[conda-packages.linux-x64."clang-22-22.1.8-default_h90b978e_10"]
url = "https://conda.anaconda.org/conda-forge/linux-64/clang-22-22.1.8-default_h90b978e_10.conda"
checksum = "sha256:812c9075110812fef0694ce9976ea6db2fd9bb250f1424e8d9d959a77c87427f"

[conda-packages.linux-x64."clang_impl_linux-64-22.1.8-default_h2a708d9_10"]
url = "https://conda.anaconda.org/conda-forge/linux-64/clang_impl_linux-64-22.1.8-default_h2a708d9_10.conda"
checksum = "sha256:bc6404c83d52a4c3acb3d454bbc3074e9dcaa09f4070b6e9bdd2346b4ca2b7ef"

[conda-packages.linux-x64."compiler-rt-22.1.8-ha770c72_2"]
url = "https://conda.anaconda.org/conda-forge/linux-64/compiler-rt-22.1.8-ha770c72_2.conda"
checksum = "sha256:2d1981daa747e884f359c698b95cb36dafea675772e10654e79c0b3516d51832"

[conda-packages.linux-x64."compiler-rt22-22.1.8-h7148c6a_2"]
url = "https://conda.anaconda.org/conda-forge/linux-64/compiler-rt22-22.1.8-h7148c6a_2.conda"
checksum = "sha256:a363ee7ace374becfda5a4277a78166fa8e541d49ec5280b56b470b72b01f118"

[conda-packages.linux-x64."compiler-rt22_linux-64-22.1.8-h0e38de2_2"]
url = "https://conda.anaconda.org/conda-forge/noarch/compiler-rt22_linux-64-22.1.8-h0e38de2_2.conda"
checksum = "sha256:904e27f8b3b546bea397e2c68d5c82c6f0a24dbe24def9a7dee714e0b679c586"

[conda-packages.linux-x64."compiler-rt_linux-64-22.1.8-ha770c72_2"]
url = "https://conda.anaconda.org/conda-forge/noarch/compiler-rt_linux-64-22.1.8-ha770c72_2.conda"
checksum = "sha256:196eb6ea49630770f2ea7278f0ff4a4aa78b412729e8c958cd1d061f68387e65"

[conda-packages.linux-x64."kernel-headers_linux-64-6.12.0-he073ed8_6"]
url = "https://conda.anaconda.org/conda-forge/noarch/kernel-headers_linux-64-6.12.0-he073ed8_6.conda"
checksum = "sha256:73b11f31db6c9ebe63d900334fa4f46859aa1ddd8f37cfa5f25a043e0a59253c"

[conda-packages.linux-x64."ld_impl_linux-64-2.46.1-default_hbd61a6d_102"]
url = "https://conda.anaconda.org/conda-forge/linux-64/ld_impl_linux-64-2.46.1-default_hbd61a6d_102.conda"
checksum = "sha256:27d83f1188cd19bcb7754a078b3fa7f4cfb8527f8eb2fde54dd01fc529d1adec"

[conda-packages.linux-x64."libclang-cpp22.1-22.1.8-default_h0acdd01_10"]
url = "https://conda.anaconda.org/conda-forge/linux-64/libclang-cpp22.1-22.1.8-default_h0acdd01_10.conda"
checksum = "sha256:44ed5220e286dbb2886225b4ca2ea8eaac2769ac039e933440bea6ced3dadf95"

[conda-packages.linux-x64."libcompiler-rt-22.1.8-h7148c6a_2"]
url = "https://conda.anaconda.org/conda-forge/linux-64/libcompiler-rt-22.1.8-h7148c6a_2.conda"
checksum = "sha256:84ca16b2ea02a365c36a0a5b488dd88f460433e49575c925e849ad76ef573302"

[conda-packages.linux-x64."libgcc-16.2.0-ha9f2e26_7"]
url = "https://conda.anaconda.org/conda-forge/linux-64/libgcc-16.2.0-ha9f2e26_7.conda"
checksum = "sha256:e031634c3a928f9594eba868bc46ef5230d6571a364a0c63215b06c4563bfcea"

[conda-packages.linux-x64."libgcc-devel_linux-64-16.2.0-he3ce08f_107"]
url = "https://conda.anaconda.org/conda-forge/noarch/libgcc-devel_linux-64-16.2.0-he3ce08f_107.conda"
checksum = "sha256:f1e7465f6b53f89b325e441c30ad7b19407b051eca556b6d0386ec05513b8e76"

[conda-packages.linux-x64."libgomp-16.2.0-he0feb66_7"]
url = "https://conda.anaconda.org/conda-forge/linux-64/libgomp-16.2.0-he0feb66_7.conda"
checksum = "sha256:92a0bb350c7be6a4eedcb4e111c60aefd176018e6b1c009a6e025dbe9bbcd758"

[conda-packages.linux-x64."libiconv-1.18-h0cb94f2_3"]
url = "https://conda.anaconda.org/conda-forge/linux-64/libiconv-1.18-h0cb94f2_3.conda"
checksum = "sha256:f943117edb9cd4d9c61cc972eee5a34291dc55ea7a6e9e38da104995841cbcb6"

[conda-packages.linux-x64."libllvm22-22.1.8-h474f4eb_3"]
url = "https://conda.anaconda.org/conda-forge/linux-64/libllvm22-22.1.8-h474f4eb_3.conda"
checksum = "sha256:135b8b9bfed6a20cdbda657ddb4584d483203eb0e4c29e448a60d4bcc762f391"

[conda-packages.linux-x64."liblzma-5.8.3-hb03c661_1"]
url = "https://conda.anaconda.org/conda-forge/linux-64/liblzma-5.8.3-hb03c661_1.conda"
checksum = "sha256:9787df8c22a59c9a70d3e5a10db9ad663485e75e9ccc3f09bd092cb7b95e0dab"

[conda-packages.linux-x64."libstdcxx-16.2.0-h934c35e_7"]
url = "https://conda.anaconda.org/conda-forge/linux-64/libstdcxx-16.2.0-h934c35e_7.conda"
checksum = "sha256:fa7018298629fc429971fffd6ecba3d27a7b02e4e890d6a93ea01ffebe8cb745"

[conda-packages.linux-x64."libxml2-16-2.15.4-hbdfff7e_0"]
url = "https://conda.anaconda.org/conda-forge/linux-64/libxml2-16-2.15.4-hbdfff7e_0.conda"
checksum = "sha256:b6f96287c408269f5067bb4f7a61693ff5c856152902362964d9807152b9c146"

[conda-packages.linux-x64."libxml2-2.15.4-ha7a5771_0"]
url = "https://conda.anaconda.org/conda-forge/linux-64/libxml2-2.15.4-ha7a5771_0.conda"
checksum = "sha256:db52c038430a508656530fc7b5650ae3e2629875693a6a256cc48dec203f8bfe"

[conda-packages.linux-x64."libzlib-1.3.2-h25fd6f3_3"]
url = "https://conda.anaconda.org/conda-forge/linux-64/libzlib-1.3.2-h25fd6f3_3.conda"
checksum = "sha256:eb8a0db0aa570124f7d2a93d7c7f596e3390df5e047818d873baad32985fc736"

[conda-packages.linux-x64."llvm-openmp-23.1.2-h7148c6a_0"]
url = "https://conda.anaconda.org/conda-forge/linux-64/llvm-openmp-23.1.2-h7148c6a_0.conda"
checksum = "sha256:292606e3a17fcf98db940d3ee6e723f84f4c6fb0104a6a69cd95043a7794eef0"

[conda-packages.linux-x64."sysroot_linux-64-2.39-hc4b9eeb_6"]
url = "https://conda.anaconda.org/conda-forge/noarch/sysroot_linux-64-2.39-hc4b9eeb_6.conda"
checksum = "sha256:7d235e4337f122f3439d0196e1c1c6e715a5b88fcbf24f944510186c84168e45"

[conda-packages.linux-x64.tzdata-2026c-h151e31d_0]
url = "https://conda.anaconda.org/conda-forge/noarch/tzdata-2026c-h151e31d_0.conda"
checksum = "sha256:b928c30ddcb0e3f544c6eade8352737e6e610e263276b90232db6a578ef899d8"

[conda-packages.linux-x64."zstd-1.5.7-hb78ec9c_7"]
url = "https://conda.anaconda.org/conda-forge/linux-64/zstd-1.5.7-hb78ec9c_7.conda"
checksum = "sha256:47d682b9f6d6ec9eb1a6e6c3e75ea6273e899e78fb7fc59f81d39745009fbc60"

[[tools."aqua:gitleaks/gitleaks"]]
version = "8.30.1"
backend = "aqua:gitleaks/gitleaks"
specifiers = ["8.30.1"]

[tools."aqua:gitleaks/gitleaks"."platforms.linux-x64"]
checksum = "sha256:551f6fc83ea457d62a0d98237cbad105af8d557003051f41f3e7ca7b3f2470eb"
url = "https://github.com/gitleaks/gitleaks/releases/download/v8.30.1/gitleaks_8.30.1_linux_x64.tar.gz"
url_api = "https://api.github.com/repos/gitleaks/gitleaks/releases/assets/378332058"

[[tools."aqua:rhysd/actionlint"]]
version = "1.7.12"
backend = "aqua:rhysd/actionlint"
specifiers = ["1.7.12"]

[tools."aqua:rhysd/actionlint"."platforms.linux-x64"]
checksum = "sha256:8aca8db96f1b94770f1b0d72b6dddcb1ebb8123cb3712530b08cc387b349a3d8"
url = "https://github.com/rhysd/actionlint/releases/download/v1.7.12/actionlint_1.7.12_linux_amd64.tar.gz"
url_api = "https://api.github.com/repos/rhysd/actionlint/releases/assets/384924896"
provenance = "github-attestations"

[[tools."aqua:zizmorcore/zizmor"]]
version = "1.30.1"
backend = "aqua:zizmorcore/zizmor"
specifiers = ["1.30.1"]

[tools."aqua:zizmorcore/zizmor"."platforms.linux-x64"]
checksum = "sha256:e65324f4430c2717591937edcec90ccbefaf14c174f8ec9415e03ca875b46e1a"
url = "https://github.com/zizmorcore/zizmor/releases/download/v1.30.1/zizmor-x86_64-unknown-linux-gnu.tar.gz"
url_api = "https://api.github.com/repos/zizmorcore/zizmor/releases/assets/552067642"
provenance = "github-attestations"

[[tools."cargo:cargo-xwin"]]
version = "0.22.0"
backend = "cargo:cargo-xwin"
specifiers = ["0.22.0"]

[[tools."conda:clang"]]
version = "22.1.8"
backend = "conda:clang"
specifiers = ["22.1.8"]

[tools."conda:clang".options]
channel = "conda-forge"

[tools."conda:clang"."platforms.linux-x64"]
checksum = "sha256:850b2a4b658c73af07506cc8e4adc494e2adeed3dc7c25090c55e6180bdf3b41"
url = "https://conda.anaconda.org/conda-forge/linux-64/clang-22.1.8-default_cfg_h41870be_10.conda"
conda_deps = [
    "clang_impl_linux-64-22.1.8-default_h2a708d9_10",
    "clang-22-22.1.8-default_h90b978e_10",
    "libclang-cpp22.1-22.1.8-default_h0acdd01_10",
    "llvm-openmp-23.1.2-h7148c6a_0",
    "binutils-2.46.1-default_h4852527_102",
    "libgcc-devel_linux-64-16.2.0-he3ce08f_107",
    "sysroot_linux-64-2.39-hc4b9eeb_6",
    "kernel-headers_linux-64-6.12.0-he073ed8_6",
    "libstdcxx-16.2.0-h934c35e_7",
    "libgcc-16.2.0-ha9f2e26_7",
    "compiler-rt22-22.1.8-h7148c6a_2",
    "compiler-rt-22.1.8-ha770c72_2",
    "libcompiler-rt-22.1.8-h7148c6a_2",
    "libzlib-1.3.2-h25fd6f3_3",
    "libxml2-2.15.4-ha7a5771_0",
    "libxml2-16-2.15.4-hbdfff7e_0",
    "zstd-1.5.7-hb78ec9c_7",
    "libllvm22-22.1.8-h474f4eb_3",
    "compiler-rt_linux-64-22.1.8-ha770c72_2",
    "compiler-rt22_linux-64-22.1.8-h0e38de2_2",
    "binutils_impl_linux-64-2.46.1-default_hfdba357_102",
    "ld_impl_linux-64-2.46.1-default_hbd61a6d_102",
    "tzdata-2026c-h151e31d_0",
    "_openmp_mutex-4.5-20_gnu",
    "libgomp-16.2.0-he0feb66_7",
    "liblzma-5.8.3-hb03c661_1",
    "libiconv-1.18-h0cb94f2_3",
]

[[tools."conda:lld"]]
version = "22.1.8"
backend = "conda:lld"
specifiers = ["22.1.8"]

[tools."conda:lld".options]
channel = "conda-forge"

[tools."conda:lld"."platforms.linux-x64"]
checksum = "sha256:bcc18b52452ca1516b2ab77fe314669deb76e22eee2998b3433111a7e1d6b992"
url = "https://conda.anaconda.org/conda-forge/linux-64/lld-22.1.8-h5985d43_1.conda"
conda_deps = [
    "libzlib-1.3.2-h25fd6f3_3",
    "libgcc-16.2.0-ha9f2e26_7",
    "libstdcxx-16.2.0-h934c35e_7",
    "libllvm22-22.1.8-h474f4eb_3",
    "zstd-1.5.7-hb78ec9c_7",
    "_openmp_mutex-4.5-20_gnu",
    "libgomp-16.2.0-he0feb66_7",
    "libxml2-16-2.15.4-hbdfff7e_0",
    "libxml2-2.15.4-ha7a5771_0",
    "liblzma-5.8.3-hb03c661_1",
    "libiconv-1.18-h0cb94f2_3",
]
